// !$*UTF8*$!
{
	archiveVersion = 1;
	classes = {
	};
	objectVersion = 45;
	objects = {

/* Begin PBXBuildFile section */
		1D3623260D0F684500981E51 /* SampleAppDelegate.m in Sources */ = {isa = PBXBuildFile; fileRef = 1D3623250D0F684500981E51 /* SampleAppDelegate.m */; };
		1D60589B0D05DD56006BFB54 /* main.m in Sources */ = {isa = PBXBuildFile; fileRef = 29B97316FDCFA39411CA2CEA /* main.m */; };
		1D60589F0D05DD5A006BFB54 /* Foundation.framework in Frameworks */ = {isa = PBXBuildFile; fileRef = 1D30AB110D05D00D00671497 /* Foundation.framework */; };
		1DF5F4E00D08C38300B7A737 /* UIKit.framework in Frameworks */ = {isa = PBXBuildFile; fileRef = 1DF5F4DF0D08C38300B7A737 /* UIKit.framework */; };
		288765A50DF7441C002DB57D /* CoreGraphics.framework in Frameworks */ = {isa = PBXBuildFile; fileRef = 288765A40DF7441C002DB57D /* CoreGraphics.framework */; };
		28AD733F0D9D9553002E5188 /* MainWindow.xib in Resources */ = {isa = PBXBuildFile; fileRef = 28AD733E0D9D9553002E5188 /* MainWindow.xib */; };
		37E2B02813D2F84D00848060 /* CoreData.framework in Frameworks */ = {isa = PBXBuildFile; fileRef = 37E2B02613D2F83F00848060 /* CoreData.framework */; };
		37E2B02B13D2F8B400848060 /* CoreLocation.framework in Frameworks */ = {isa = PBXBuildFile; fileRef = 37E2B02913D2F8A800848060 /* CoreLocation.framework */; };
		37E2B03213D2FB5E00848060 /* SavedMaps.xcdatamodeld in Sources */ = {isa = PBXBuildFile; fileRef = 37E2B03013D2FB5E00848060 /* SavedMaps.xcdatamodeld */; };
		37E2B04313D2FD3D00848060 /* Tile.m in Sources */ = {isa = PBXBuildFile; fileRef = 37E2B04213D2FD3D00848060 /* Tile.m */; };
		37E2B04A13D2FD5B00848060 /* OfflineMapViewController.m in Sources */ = {isa = PBXBuildFile; fileRef = 37E2B04513D2FD5B00848060 /* OfflineMapViewController.m */; };
		37E2B04B13D2FD5C00848060 /* OnlineMapViewController.m in Sources */ = {isa = PBXBuildFile; fileRef = 37E2B04713D2FD5B00848060 /* OnlineMapViewController.m */; };
		37E2B04C13D2FD5C00848060 /* SavedMapsListViewController.m in Sources */ = {isa = PBXBuildFile; fileRef = 37E2B04913D2FD5B00848060 /* SavedMapsListViewController.m */; };
		37E2B04F13D3003900848060 /* Map.m in Sources */ = {isa = PBXBuildFile; fileRef = 37E2B04E13D3003900848060 /* Map.m */; };
		C965CECC1222B2A3005CF012 /* MRMapTypes.m in Sources */ = {isa = PBXBuildFile; fileRef = C965CEC31222B2A3005CF012 /* MRMapTypes.m */; };
		C965CECD1222B2A3005CF012 /* MRMapView.m in Sources */ = {isa = PBXBuildFile; fileRef = C965CEC51222B2A3005CF012 /* MRMapView.m */; };
		C965CECE1222B2A3005CF012 /* MRMercatorProjection.m in Sources */ = {isa = PBXBuildFile; fileRef = C965CEC71222B2A3005CF012 /* MRMercatorProjection.m */; };
		C965CECF1222B2A3005CF012 /* MROSMTileProvider.m in Sources */ = {isa = PBXBuildFile; fileRef = C965CEC91222B2A3005CF012 /* MROSMTileProvider.m */; };
		C997167C1220C4AD00022812 /* QuartzCore.framework in Frameworks */ = {isa = PBXBuildFile; fileRef = C997167B1220C4AD00022812 /* QuartzCore.framework */; };
		C9B63CEF122326F40015C73E /* MRTileCache.m in Sources */ = {isa = PBXBuildFile; fileRef = C9B63CEE122326F40015C73E /* MRTileCache.m */; };
/* End PBXBuildFile section */

/* Begin PBXFileReference section */
		1D30AB110D05D00D00671497 /* Foundation.framework */ = {isa = PBXFileReference; lastKnownFileType = wrapper.framework; name = Foundation.framework; path = System/Library/Frameworks/Foundation.framework; sourceTree = SDKROOT; };
		1D3623240D0F684500981E51 /* SampleAppDelegate.h */ = {isa = PBXFileReference; fileEncoding = 4; lastKnownFileType = sourcecode.c.h; path = SampleAppDelegate.h; sourceTree = "<group>"; };
		1D3623250D0F684500981E51 /* SampleAppDelegate.m */ = {isa = PBXFileReference; fileEncoding = 4; lastKnownFileType = sourcecode.c.objc; path = SampleAppDelegate.m; sourceTree = "<group>"; };
		1D6058910D05DD3D006BFB54 /* Sample.app */ = {isa = PBXFileReference; explicitFileType = wrapper.application; includeInIndex = 0; path = Sample.app; sourceTree = BUILT_PRODUCTS_DIR; };
		1DF5F4DF0D08C38300B7A737 /* UIKit.framework */ = {isa = PBXFileReference; lastKnownFileType = wrapper.framework; name = UIKit.framework; path = System/Library/Frameworks/UIKit.framework; sourceTree = SDKROOT; };
		288765A40DF7441C002DB57D /* CoreGraphics.framework */ = {isa = PBXFileReference; lastKnownFileType = wrapper.framework; name = CoreGraphics.framework; path = System/Library/Frameworks/CoreGraphics.framework; sourceTree = SDKROOT; };
		28AD733E0D9D9553002E5188 /* MainWindow.xib */ = {isa = PBXFileReference; lastKnownFileType = file.xib; path = MainWindow.xib; sourceTree = "<group>"; };
		29B97316FDCFA39411CA2CEA /* main.m */ = {isa = PBXFileReference; fileEncoding = 4; lastKnownFileType = sourcecode.c.objc; path = main.m; sourceTree = "<group>"; };
		32CA4F630368D1EE00C91783 /* Sample_Prefix.pch */ = {isa = PBXFileReference; fileEncoding = 4; lastKnownFileType = sourcecode.c.h; path = Sample_Prefix.pch; sourceTree = "<group>"; };
		37E2B02613D2F83F00848060 /* CoreData.framework */ = {isa = PBXFileReference; lastKnownFileType = wrapper.framework; name = CoreData.framework; path = System/Library/Frameworks/CoreData.framework; sourceTree = SDKROOT; };
		37E2B02913D2F8A800848060 /* CoreLocation.framework */ = {isa = PBXFileReference; lastKnownFileType = wrapper.framework; name = CoreLocation.framework; path = System/Library/Frameworks/CoreLocation.framework; sourceTree = SDKROOT; };
		37E2B03113D2FB5E00848060 /* SavedMaps.xcdatamodel */ = {isa = PBXFileReference; lastKnownFileType = wrapper.xcdatamodel; path = SavedMaps.xcdatamodel; sourceTree = "<group>"; };
		37E2B04113D2FD3D00848060 /* Tile.h */ = {isa = PBXFileReference; fileEncoding = 4; lastKnownFileType = sourcecode.c.h; path = Tile.h; sourceTree = "<group>"; };
		37E2B04213D2FD3D00848060 /* Tile.m */ = {isa = PBXFileReference; fileEncoding = 4; lastKnownFileType = sourcecode.c.objc; path = Tile.m; sourceTree = "<group>"; };
		37E2B04413D2FD5B00848060 /* OfflineMapViewController.h */ = {isa = PBXFileReference; fileEncoding = 4; lastKnownFileType = sourcecode.c.h; path = OfflineMapViewController.h; sourceTree = "<group>"; };
		37E2B04513D2FD5B00848060 /* OfflineMapViewController.m */ = {isa = PBXFileReference; fileEncoding = 4; lastKnownFileType = sourcecode.c.objc; path = OfflineMapViewController.m; sourceTree = "<group>"; };
		37E2B04613D2FD5B00848060 /* OnlineMapViewController.h */ = {isa = PBXFileReference; fileEncoding = 4; lastKnownFileType = sourcecode.c.h; path = OnlineMapViewController.h; sourceTree = "<group>"; };
		37E2B04713D2FD5B00848060 /* OnlineMapViewController.m */ = {isa = PBXFileReference; fileEncoding = 4; lastKnownFileType = sourcecode.c.objc; path = OnlineMapViewController.m; sourceTree = "<group>"; };
		37E2B04813D2FD5B00848060 /* SavedMapsListViewController.h */ = {isa = PBXFileReference; fileEncoding = 4; lastKnownFileType = sourcecode.c.h; path = SavedMapsListViewController.h; sourceTree = "<group>"; };
		37E2B04913D2FD5B00848060 /* SavedMapsListViewController.m */ = {isa = PBXFileReference; fileEncoding = 4; lastKnownFileType = sourcecode.c.objc; path = SavedMapsListViewController.m; sourceTree = "<group>"; };
		37E2B04D13D3003900848060 /* Map.h */ = {isa = PBXFileReference; fileEncoding = 4; lastKnownFileType = sourcecode.c.h; path = Map.h; sourceTree = "<group>"; };
		37E2B04E13D3003900848060 /* Map.m */ = {isa = PBXFileReference; fileEncoding = 4; lastKnownFileType = sourcecode.c.objc; path = Map.m; sourceTree = "<group>"; };
		8D1107310486CEB800E47090 /* Sample-Info.plist */ = {isa = PBXFileReference; fileEncoding = 4; lastKnownFileType = text.plist.xml; path = "Sample-Info.plist"; plistStructureDefinitionIdentifier = "com.apple.xcode.plist.structure-definition.iphone.info-plist"; sourceTree = "<group>"; };
		C965CEC21222B2A3005CF012 /* MRMapTypes.h */ = {isa = PBXFileReference; fileEncoding = 4; lastKnownFileType = sourcecode.c.h; path = MRMapTypes.h; sourceTree = "<group>"; };
		C965CEC31222B2A3005CF012 /* MRMapTypes.m */ = {isa = PBXFileReference; fileEncoding = 4; lastKnownFileType = sourcecode.c.objc; path = MRMapTypes.m; sourceTree = "<group>"; };
		C965CEC41222B2A3005CF012 /* MRMapView.h */ = {isa = PBXFileReference; fileEncoding = 4; lastKnownFileType = sourcecode.c.h; path = MRMapView.h; sourceTree = "<group>"; };
		C965CEC51222B2A3005CF012 /* MRMapView.m */ = {isa = PBXFileReference; fileEncoding = 4; lastKnownFileType = sourcecode.c.objc; path = MRMapView.m; sourceTree = "<group>"; };
		C965CEC61222B2A3005CF012 /* MRMercatorProjection.h */ = {isa = PBXFileReference; fileEncoding = 4; lastKnownFileType = sourcecode.c.h; path = MRMercatorProjection.h; sourceTree = "<group>"; };
		C965CEC71222B2A3005CF012 /* MRMercatorProjection.m */ = {isa = PBXFileReference; fileEncoding = 4; lastKnownFileType = sourcecode.c.objc; path = MRMercatorProjection.m; sourceTree = "<group>"; };
		C965CEC81222B2A3005CF012 /* MROSMTileProvider.h */ = {isa = PBXFileReference; fileEncoding = 4; lastKnownFileType = sourcecode.c.h; path = MROSMTileProvider.h; sourceTree = "<group>"; };
		C965CEC91222B2A3005CF012 /* MROSMTileProvider.m */ = {isa = PBXFileReference; fileEncoding = 4; lastKnownFileType = sourcecode.c.objc; path = MROSMTileProvider.m; sourceTree = "<group>"; };
		C965CECA1222B2A3005CF012 /* MRProjection.h */ = {isa = PBXFileReference; fileEncoding = 4; lastKnownFileType = sourcecode.c.h; path = MRProjection.h; sourceTree = "<group>"; };
		C965CECB1222B2A3005CF012 /* MRTileProvider.h */ = {isa = PBXFileReference; fileEncoding = 4; lastKnownFileType = sourcecode.c.h; path = MRTileProvider.h; sourceTree = "<group>"; };
		C997167B1220C4AD00022812 /* QuartzCore.framework */ = {isa = PBXFileReference; lastKnownFileType = wrapper.framework; name = QuartzCore.framework; path = System/Library/Frameworks/QuartzCore.framework; sourceTree = SDKROOT; };
		C9B63CED122326F40015C73E /* MRTileCache.h */ = {isa = PBXFileReference; fileEncoding = 4; lastKnownFileType = sourcecode.c.h; path = MRTileCache.h; sourceTree = "<group>"; };
		C9B63CEE122326F40015C73E /* MRTileCache.m */ = {isa = PBXFileReference; fileEncoding = 4; lastKnownFileType = sourcecode.c.objc; path = MRTileCache.m; sourceTree = "<group>"; };
/* End PBXFileReference section */

/* Begin PBXFrameworksBuildPhase section */
		1D60588F0D05DD3D006BFB54 /* Frameworks */ = {
			isa = PBXFrameworksBuildPhase;
			buildActionMask = 2147483647;
			files = (
				1D60589F0D05DD5A006BFB54 /* Foundation.framework in Frameworks */,
				1DF5F4E00D08C38300B7A737 /* UIKit.framework in Frameworks */,
				288765A50DF7441C002DB57D /* CoreGraphics.framework in Frameworks */,
				C997167C1220C4AD00022812 /* QuartzCore.framework in Frameworks */,
				37E2B02813D2F84D00848060 /* CoreData.framework in Frameworks */,
				37E2B02B13D2F8B400848060 /* CoreLocation.framework in Frameworks */,
			);
			runOnlyForDeploymentPostprocessing = 0;
		};
/* End PBXFrameworksBuildPhase section */

/* Begin PBXGroup section */
		080E96DDFE201D6D7F000001 /* Classes */ = {
			isa = PBXGroup;
			children = (
				C965CF081222B41A005CF012 /* Sample */,
				C965CEC11222B2A3005CF012 /* Sources */,
			);
			path = Classes;
			sourceTree = "<group>";
		};
		19C28FACFE9D520D11CA2CBB /* Products */ = {
			isa = PBXGroup;
			children = (
				1D6058910D05DD3D006BFB54 /* Sample.app */,
			);
			name = Products;
			sourceTree = "<group>";
		};
		29B97314FDCFA39411CA2CEA /* CustomTemplate */ = {
			isa = PBXGroup;
			children = (
				37E2B03413D2FD0C00848060 /* ManagedObjects */,
				37E2B03313D2FCFE00848060 /* ViewControllers */,
				080E96DDFE201D6D7F000001 /* Classes */,
				29B97315FDCFA39411CA2CEA /* Other Sources */,
				29B97317FDCFA39411CA2CEA /* Resources */,
				29B97323FDCFA39411CA2CEA /* Frameworks */,
				19C28FACFE9D520D11CA2CBB /* Products */,
			);
			name = CustomTemplate;
			sourceTree = "<group>";
		};
		29B97315FDCFA39411CA2CEA /* Other Sources */ = {
			isa = PBXGroup;
			children = (
				29B97316FDCFA39411CA2CEA /* main.m */,
				32CA4F630368D1EE00C91783 /* Sample_Prefix.pch */,
			);
			name = "Other Sources";
			sourceTree = "<group>";
		};
		29B97317FDCFA39411CA2CEA /* Resources */ = {
			isa = PBXGroup;
			children = (
				28AD733E0D9D9553002E5188 /* MainWindow.xib */,
				8D1107310486CEB800E47090 /* Sample-Info.plist */,
				37E2B03013D2FB5E00848060 /* SavedMaps.xcdatamodeld */,
			);
			name = Resources;
			sourceTree = "<group>";
		};
		29B97323FDCFA39411CA2CEA /* Frameworks */ = {
			isa = PBXGroup;
			children = (
				37E2B02913D2F8A800848060 /* CoreLocation.framework */,
				37E2B02613D2F83F00848060 /* CoreData.framework */,
				288765A40DF7441C002DB57D /* CoreGraphics.framework */,
				1D30AB110D05D00D00671497 /* Foundation.framework */,
				C997167B1220C4AD00022812 /* QuartzCore.framework */,
				1DF5F4DF0D08C38300B7A737 /* UIKit.framework */,
			);
			name = Frameworks;
			sourceTree = "<group>";
		};
		37E2B03313D2FCFE00848060 /* ViewControllers */ = {
			isa = PBXGroup;
			children = (
				37E2B04413D2FD5B00848060 /* OfflineMapViewController.h */,
				37E2B04513D2FD5B00848060 /* OfflineMapViewController.m */,
				37E2B04613D2FD5B00848060 /* OnlineMapViewController.h */,
				37E2B04713D2FD5B00848060 /* OnlineMapViewController.m */,
				37E2B04813D2FD5B00848060 /* SavedMapsListViewController.h */,
				37E2B04913D2FD5B00848060 /* SavedMapsListViewController.m */,
			);
			path = ViewControllers;
			sourceTree = "<group>";
		};
		37E2B03413D2FD0C00848060 /* ManagedObjects */ = {
			isa = PBXGroup;
			children = (
				37E2B04D13D3003900848060 /* Map.h */,
				37E2B04E13D3003900848060 /* Map.m */,
				37E2B04113D2FD3D00848060 /* Tile.h */,
				37E2B04213D2FD3D00848060 /* Tile.m */,
			);
			path = ManagedObjects;
			sourceTree = "<group>";
		};
		C965CEC11222B2A3005CF012 /* Sources */ = {
			isa = PBXGroup;
			children = (
				C965CEC21222B2A3005CF012 /* MRMapTypes.h */,
				C965CEC31222B2A3005CF012 /* MRMapTypes.m */,
				C965CEC41222B2A3005CF012 /* MRMapView.h */,
				C965CEC51222B2A3005CF012 /* MRMapView.m */,
				C965CEC61222B2A3005CF012 /* MRMercatorProjection.h */,
				C965CEC71222B2A3005CF012 /* MRMercatorProjection.m */,
				C965CECA1222B2A3005CF012 /* MRProjection.h */,
				C9B63CED122326F40015C73E /* MRTileCache.h */,
				C9B63CEE122326F40015C73E /* MRTileCache.m */,
				C965CECB1222B2A3005CF012 /* MRTileProvider.h */,
				C965CEC81222B2A3005CF012 /* MROSMTileProvider.h */,
				C965CEC91222B2A3005CF012 /* MROSMTileProvider.m */,
			);
			name = Sources;
			path = ../Sources;
			sourceTree = SOURCE_ROOT;
		};
		C965CF081222B41A005CF012 /* Sample */ = {
			isa = PBXGroup;
			children = (
				1D3623240D0F684500981E51 /* SampleAppDelegate.h */,
				1D3623250D0F684500981E51 /* SampleAppDelegate.m */,
			);
			name = Sample;
			sourceTree = "<group>";
		};
/* End PBXGroup section */

/* Begin PBXNativeTarget section */
		1D6058900D05DD3D006BFB54 /* Sample */ = {
			isa = PBXNativeTarget;
			buildConfigurationList = 1D6058960D05DD3E006BFB54 /* Build configuration list for PBXNativeTarget "Sample" */;
			buildPhases = (
				1D60588D0D05DD3D006BFB54 /* Resources */,
				1D60588E0D05DD3D006BFB54 /* Sources */,
				1D60588F0D05DD3D006BFB54 /* Frameworks */,
			);
			buildRules = (
			);
			dependencies = (
			);
			name = Sample;
			productName = MapView;
			productReference = 1D6058910D05DD3D006BFB54 /* Sample.app */;
			productType = "com.apple.product-type.application";
		};
/* End PBXNativeTarget section */

/* Begin PBXProject section */
		29B97313FDCFA39411CA2CEA /* Project object */ = {
			isa = PBXProject;
			buildConfigurationList = C01FCF4E08A954540054247B /* Build configuration list for PBXProject "Sample" */;
			compatibilityVersion = "Xcode 3.1";
			developmentRegion = English;
			hasScannedForEncodings = 1;
			knownRegions = (
				English,
				Japanese,
				French,
				German,
			);
			mainGroup = 29B97314FDCFA39411CA2CEA /* CustomTemplate */;
			projectDirPath = "";
			projectRoot = "";
			targets = (
				1D6058900D05DD3D006BFB54 /* Sample */,
			);
		};
/* End PBXProject section */

/* Begin PBXResourcesBuildPhase section */
		1D60588D0D05DD3D006BFB54 /* Resources */ = {
			isa = PBXResourcesBuildPhase;
			buildActionMask = 2147483647;
			files = (
				28AD733F0D9D9553002E5188 /* MainWindow.xib in Resources */,
			);
			runOnlyForDeploymentPostprocessing = 0;
		};
/* End PBXResourcesBuildPhase section */

/* Begin PBXSourcesBuildPhase section */
		1D60588E0D05DD3D006BFB54 /* Sources */ = {
			isa = PBXSourcesBuildPhase;
			buildActionMask = 2147483647;
			files = (
				1D60589B0D05DD56006BFB54 /* main.m in Sources */,
				1D3623260D0F684500981E51 /* SampleAppDelegate.m in Sources */,
				C965CECC1222B2A3005CF012 /* MRMapTypes.m in Sources */,
				C965CECD1222B2A3005CF012 /* MRMapView.m in Sources */,
				C965CECE1222B2A3005CF012 /* MRMercatorProjection.m in Sources */,
				C965CECF1222B2A3005CF012 /* MROSMTileProvider.m in Sources */,
				C9B63CEF122326F40015C73E /* MRTileCache.m in Sources */,
				37E2B03213D2FB5E00848060 /* SavedMaps.xcdatamodeld in Sources */,
				37E2B04313D2FD3D00848060 /* Tile.m in Sources */,
				37E2B04A13D2FD5B00848060 /* OfflineMapViewController.m in Sources */,
				37E2B04B13D2FD5C00848060 /* OnlineMapViewController.m in Sources */,
				37E2B04C13D2FD5C00848060 /* SavedMapsListViewController.m in Sources */,
				37E2B04F13D3003900848060 /* Map.m in Sources */,
			);
			runOnlyForDeploymentPostprocessing = 0;
		};
/* End PBXSourcesBuildPhase section */

/* Begin XCBuildConfiguration section */
		1D6058940D05DD3E006BFB54 /* Debug */ = {
			isa = XCBuildConfiguration;
			buildSettings = {
				ALWAYS_SEARCH_USER_PATHS = NO;
				COPY_PHASE_STRIP = NO;
				GCC_DYNAMIC_NO_PIC = NO;
				GCC_OPTIMIZATION_LEVEL = 0;
				GCC_PRECOMPILE_PREFIX_HEADER = YES;
				GCC_PREFIX_HEADER = Sample_Prefix.pch;
				INFOPLIST_FILE = "Sample-Info.plist";
				PRODUCT_NAME = Sample;
			};
			name = Debug;
		};
		1D6058950D05DD3E006BFB54 /* Release */ = {
			isa = XCBuildConfiguration;
			buildSettings = {
				ALWAYS_SEARCH_USER_PATHS = NO;
				COPY_PHASE_STRIP = YES;
				GCC_PRECOMPILE_PREFIX_HEADER = YES;
				GCC_PREFIX_HEADER = Sample_Prefix.pch;
				INFOPLIST_FILE = "Sample-Info.plist";
				PRODUCT_NAME = Sample;
				VALIDATE_PRODUCT = YES;
			};
			name = Release;
		};
		C01FCF4F08A954540054247B /* Debug */ = {
			isa = XCBuildConfiguration;
			buildSettings = {
				ARCHS = "$(ARCHS_STANDARD_32_BIT)";
				"CODE_SIGN_IDENTITY[sdk=iphoneos*]" = "iPhone Developer";
				GCC_C_LANGUAGE_STANDARD = c99;
				GCC_PREPROCESSOR_DEFINITIONS = "DEBUG=1";
				GCC_TREAT_WARNINGS_AS_ERRORS = YES;
				GCC_VERSION = com.apple.compilers.llvm.clang.1_0;
				GCC_WARN_ABOUT_RETURN_TYPE = YES;
				GCC_WARN_UNUSED_VARIABLE = YES;
				IPHONEOS_DEPLOYMENT_TARGET = 4.3;
				PREBINDING = NO;
				RUN_CLANG_STATIC_ANALYZER = YES;
				SDKROOT = iphoneos;
			};
			name = Debug;
		};
		C01FCF5008A954540054247B /* Release */ = {
			isa = XCBuildConfiguration;
			buildSettings = {
				ARCHS = "$(ARCHS_STANDARD_32_BIT)";
				"CODE_SIGN_IDENTITY[sdk=iphoneos*]" = "iPhone Developer";
				GCC_C_LANGUAGE_STANDARD = c99;
				GCC_PREPROCESSOR_DEFINITIONS = "DEBUG=1";
				GCC_TREAT_WARNINGS_AS_ERRORS = YES;
				GCC_VERSION = com.apple.compilers.llvm.clang.1_0;
				GCC_WARN_ABOUT_RETURN_TYPE = YES;
				GCC_WARN_UNUSED_VARIABLE = YES;
				IPHONEOS_DEPLOYMENT_TARGET = 4.3;
				OTHER_CFLAGS = "-DNS_BLOCK_ASSERTIONS=1";
				PREBINDING = NO;
				RUN_CLANG_STATIC_ANALYZER = YES;
				SDKROOT = iphoneos;
			};
			name = Release;
		};
/* End XCBuildConfiguration section */

/* Begin XCConfigurationList section */
		1D6058960D05DD3E006BFB54 /* Build configuration list for PBXNativeTarget "Sample" */ = {
			isa = XCConfigurationList;
			buildConfigurations = (
				1D6058940D05DD3E006BFB54 /* Debug */,
				1D6058950D05DD3E006BFB54 /* Release */,
			);
			defaultConfigurationIsVisible = 0;
			defaultConfigurationName = Release;
		};
		C01FCF4E08A954540054247B /* Build configuration list for PBXProject "Sample" */ = {
			isa = XCConfigurationList;
			buildConfigurations = (
				C01FCF4F08A954540054247B /* Debug */,
				C01FCF5008A954540054247B /* Release */,
			);
			defaultConfigurationIsVisible = 0;
			defaultConfigurationName = Release;
		};
/* End XCConfigurationList section */

/* Begin XCVersionGroup section */
		37E2B03013D2FB5E00848060 /* SavedMaps.xcdatamodeld */ = {
			isa = XCVersionGroup;
			children = (
				37E2B03113D2FB5E00848060 /* SavedMaps.xcdatamodel */,
			);
			currentVersion = 37E2B03113D2FB5E00848060 /* SavedMaps.xcdatamodel */;
			path = SavedMaps.xcdatamodeld;
			sourceTree = "<group>";
			versionGroupType = wrapper.xcdatamodel;
		};
/* End XCVersionGroup section */
	};
	rootObject = 29B97313FDCFA39411CA2CEA /* Project object */;
}
